
Microsoft Visual Studio Solution File, Format Version 12.00
# Visual Studio Version 17
VisualStudioVersion = 17.14.36429.23
MinimumVisualStudioVersion = 10.0.40219.1
Project("{FAE04EC0-301F-11D3-BF4B-00C04F79EFBC}") = "Server", "Server\Server.csproj", "{B6BD29FA-3357-4B0B-936D-F86D0A97BD28}"
EndProject
Project("{FAE04EC0-301F-11D3-BF4B-00C04F79EFBC}") = "Client", "Client\Client.csproj", "{B704F1C4-2E4B-4E57-9876-FB15787B53D6}"
EndProject
Project("{FAE04EC0-301F-11D3-BF4B-00C04F79EFBC}") = "srvr", "srvr\srvr.csproj", "{D476DA34-A6CE-43F2-B483-C528B351DC4C}"
EndProject
Project("{FAE04EC0-301F-11D3-BF4B-00C04F79EFBC}") = "NetworkLib", "NetworkLib\NetworkLib.csproj", "{4295F67B-C120-453D-AD93-F55FBBB2D173}"
EndProject
Global
	GlobalSection(SolutionConfigurationPlatforms) = preSolution
		Debug|Any CPU = Debug|Any CPU
		Release|Any CPU = Release|Any CPU
	EndGlobalSection
	GlobalSection(ProjectConfigurationPlatforms) = postSolution
		{B6BD29FA-3357-4B0B-936D-F86D0A97BD28}.Debug|Any CPU.ActiveCfg = Debug|Any CPU
		{B6BD29FA-3357-4B0B-936D-F86D0A97BD28}.Debug|Any CPU.Build.0 = Debug|Any CPU
		{B6BD29FA-3357-4B0B-936D-F86D0A97BD28}.Release|Any CPU.ActiveCfg = Release|Any CPU
		{B6BD29FA-3357-4B0B-936D-F86D0A97BD28}.Release|Any CPU.Build.0 = Release|Any CPU
		{B704F1C4-2E4B-4E57-9876-FB15787B53D6}.Debug|Any CPU.ActiveCfg = Debug|Any CPU
		{B704F1C4-2E4B-4E57-9876-FB15787B53D6}.Debug|Any CPU.Build.0 = Debug|Any CPU
		{B704F1C4-2E4B-4E57-9876-FB15787B53D6}.Release|Any CPU.ActiveCfg = Release|Any CPU
		{B704F1C4-2E4B-4E57-9876-FB15787B53D6}.Release|Any CPU.Build.0 = Release|Any CPU
		{D476DA34-A6CE-43F2-B483-C528B351DC4C}.Debug|Any CPU.ActiveCfg = Debug|Any CPU
		{D476DA34-A6CE-43F2-B483-C528B351DC4C}.Debug|Any CPU.Build.0 = Debug|Any CPU
		{D476DA34-A6CE-43F2-B483-C528B351DC4C}.Release|Any CPU.ActiveCfg = Release|Any CPU
		{D476DA34-A6CE-43F2-B483-C528B351DC4C}.Release|Any CPU.Build.0 = Release|Any CPU
		{4295F67B-C120-453D-AD93-F55FBBB2D173}.Debug|Any CPU.ActiveCfg = Debug|Any CPU
		{4295F67B-C120-453D-AD93-F55FBBB2D173}.Debug|Any CPU.Build.0 = Debug|Any CPU
		{4295F67B-C120-453D-AD93-F55FBBB2D173}.Release|Any CPU.ActiveCfg = Release|Any CPU
		{4295F67B-C120-453D-AD93-F55FBBB2D173}.Release|Any CPU.Build.0 = Release|Any CPU
	EndGlobalSection
	GlobalSection(SolutionProperties) = preSolution
		HideSolutionNode = FALSE
	EndGlobalSection
	GlobalSection(ExtensibilityGlobals) = postSolution
		SolutionGuid = {ED2794DC-0380-4069-A2D5-1CAB008CB32B}
	EndGlobalSection
EndGlobal
