
Microsoft Visual Studio Solution File, Format Version 12.00
# Visual Studio Version 17
VisualStudioVersion = 17.14.36930.0 d17.14
MinimumVisualStudioVersion = 10.0.40219.1
Project("{FAE04EC0-301F-11D3-BF4B-00C04F79EFBC}") = "Bildverwaltung", "Bildverwaltung.csproj", "{B00C8001-4FCB-4F96-A7FA-54167C52182F}"
EndProject
Global
	GlobalSection(SolutionConfigurationPlatforms) = preSolution
		Debug|Any CPU = Debug|Any CPU
		Release|Any CPU = Release|Any CPU
	EndGlobalSection
	GlobalSection(ProjectConfigurationPlatforms) = postSolution
		{B00C8001-4FCB-4F96-A7FA-54167C52182F}.Debug|Any CPU.ActiveCfg = Debug|Any CPU
		{B00C8001-4FCB-4F96-A7FA-54167C52182F}.Debug|Any CPU.Build.0 = Debug|Any CPU
		{B00C8001-4FCB-4F96-A7FA-54167C52182F}.Release|Any CPU.ActiveCfg = Release|Any CPU
		{B00C8001-4FCB-4F96-A7FA-54167C52182F}.Release|Any CPU.Build.0 = Release|Any CPU
	EndGlobalSection
	GlobalSection(SolutionProperties) = preSolution
		HideSolutionNode = FALSE
	EndGlobalSection
	GlobalSection(ExtensibilityGlobals) = postSolution
		SolutionGuid = {38843BC7-08A7-456A-87B9-85D81592A6EB}
	EndGlobalSection
EndGlobal
