
Microsoft Visual Studio Solution File, Format Version 12.00
# Visual Studio Version 17
VisualStudioVersion = 17.14.36930.0 d17.14
MinimumVisualStudioVersion = 10.0.40219.1
Project("{FAE04EC0-301F-11D3-BF4B-00C04F79EFBC}") = "Gokumoku", "Gokumoku.csproj", "{9479E6A6-65ED-4E03-9072-7F37BC471BA5}"
EndProject
Project("{FAE04EC0-301F-11D3-BF4B-00C04F79EFBC}") = "Networklib", "..\Gomoku\Networklib\Networklib.csproj", "{05877684-8F56-4C79-96D0-5DCFBB352B6F}"
EndProject
Project("{FAE04EC0-301F-11D3-BF4B-00C04F79EFBC}") = "SERVER", "..\Gomoku\SERVER\SERVER.csproj", "{B83300ED-0550-424C-9748-6EC0E595D9D4}"
EndProject
Global
	GlobalSection(SolutionConfigurationPlatforms) = preSolution
		Debug|Any CPU = Debug|Any CPU
		Release|Any CPU = Release|Any CPU
	EndGlobalSection
	GlobalSection(ProjectConfigurationPlatforms) = postSolution
		{9479E6A6-65ED-4E03-9072-7F37BC471BA5}.Debug|Any CPU.ActiveCfg = Debug|Any CPU
		{9479E6A6-65ED-4E03-9072-7F37BC471BA5}.Debug|Any CPU.Build.0 = Debug|Any CPU
		{9479E6A6-65ED-4E03-9072-7F37BC471BA5}.Release|Any CPU.ActiveCfg = Release|Any CPU
		{9479E6A6-65ED-4E03-9072-7F37BC471BA5}.Release|Any CPU.Build.0 = Release|Any CPU
		{05877684-8F56-4C79-96D0-5DCFBB352B6F}.Debug|Any CPU.ActiveCfg = Debug|Any CPU
		{05877684-8F56-4C79-96D0-5DCFBB352B6F}.Debug|Any CPU.Build.0 = Debug|Any CPU
		{05877684-8F56-4C79-96D0-5DCFBB352B6F}.Release|Any CPU.ActiveCfg = Release|Any CPU
		{05877684-8F56-4C79-96D0-5DCFBB352B6F}.Release|Any CPU.Build.0 = Release|Any CPU
		{B83300ED-0550-424C-9748-6EC0E595D9D4}.Debug|Any CPU.ActiveCfg = Debug|Any CPU
		{B83300ED-0550-424C-9748-6EC0E595D9D4}.Debug|Any CPU.Build.0 = Debug|Any CPU
		{B83300ED-0550-424C-9748-6EC0E595D9D4}.Release|Any CPU.ActiveCfg = Release|Any CPU
		{B83300ED-0550-424C-9748-6EC0E595D9D4}.Release|Any CPU.Build.0 = Release|Any CPU
	EndGlobalSection
	GlobalSection(SolutionProperties) = preSolution
		HideSolutionNode = FALSE
	EndGlobalSection
	GlobalSection(ExtensibilityGlobals) = postSolution
		SolutionGuid = {47047ACC-24A7-4026-A7E4-BBCA3DF1A6F1}
	EndGlobalSection
EndGlobal
