
Microsoft Visual Studio Solution File, Format Version 12.00
# Visual Studio Version 17
VisualStudioVersion = 17.14.36930.0 d17.14
MinimumVisualStudioVersion = 10.0.40219.1
Project("{FAE04EC0-301F-11D3-BF4B-00C04F79EFBC}") = "SubwayNetz", "SubwayNetz.csproj", "{77DF7A63-C5D0-4EA2-9CFF-EA04640F5B20}"
EndProject
Global
	GlobalSection(SolutionConfigurationPlatforms) = preSolution
		Debug|Any CPU = Debug|Any CPU
		Release|Any CPU = Release|Any CPU
	EndGlobalSection
	GlobalSection(ProjectConfigurationPlatforms) = postSolution
		{77DF7A63-C5D0-4EA2-9CFF-EA04640F5B20}.Debug|Any CPU.ActiveCfg = Debug|Any CPU
		{77DF7A63-C5D0-4EA2-9CFF-EA04640F5B20}.Debug|Any CPU.Build.0 = Debug|Any CPU
		{77DF7A63-C5D0-4EA2-9CFF-EA04640F5B20}.Release|Any CPU.ActiveCfg = Release|Any CPU
		{77DF7A63-C5D0-4EA2-9CFF-EA04640F5B20}.Release|Any CPU.Build.0 = Release|Any CPU
	EndGlobalSection
	GlobalSection(SolutionProperties) = preSolution
		HideSolutionNode = FALSE
	EndGlobalSection
	GlobalSection(ExtensibilityGlobals) = postSolution
		SolutionGuid = {3BF602B4-49CD-4BCB-85C1-C3B97842B205}
	EndGlobalSection
EndGlobal
